
Microsoft Visual Studio Solution File, Format Version 12.00
# Visual Studio Version 16
VisualStudioVersion = 16.0.31624.102
MinimumVisualStudioVersion = 10.0.40219.1
Project("{888888A0-9F3D-457C-B088-3A5042F75D52}") = "heyarn_bot", "heyarn_bot\heyarn_bot.pyproj", "{9DAF44D6-0B50-4AA0-A280-24AA8F0420E2}"
EndProject
Global
	GlobalSection(SolutionConfigurationPlatforms) = preSolution
		Debug|Any CPU = Debug|Any CPU
		Release|Any CPU = Release|Any CPU
	EndGlobalSection
	GlobalSection(ProjectConfigurationPlatforms) = postSolution
		{9DAF44D6-0B50-4AA0-A280-24AA8F0420E2}.Debug|Any CPU.ActiveCfg = Debug|Any CPU
		{9DAF44D6-0B50-4AA0-A280-24AA8F0420E2}.Release|Any CPU.ActiveCfg = Release|Any CPU
	EndGlobalSection
	GlobalSection(SolutionProperties) = preSolution
		HideSolutionNode = FALSE
	EndGlobalSection
	GlobalSection(ExtensibilityGlobals) = postSolution
		SolutionGuid = {2D12666F-7672-4D02-939B-DB0242CC87B9}
	EndGlobalSection
EndGlobal
